
Microsoft Visual Studio Solution File, Format Version 12.00
# Visual Studio Version 16
VisualStudioVersion = 16.0.29806.167
MinimumVisualStudioVersion = 10.0.40219.1
Project("{FAE04EC0-301F-11D3-BF4B-00C04F79EFBC}") = "E_Commerce_API", "E_CommerceAPI\E_Commerce_API.csproj", "{33CF81C3-958C-4174-824E-6855ADD3779E}"
EndProject
Global
	GlobalSection(SolutionConfigurationPlatforms) = preSolution
		Debug|Any CPU = Debug|Any CPU
		Release|Any CPU = Release|Any CPU
	EndGlobalSection
	GlobalSection(ProjectConfigurationPlatforms) = postSolution
		{33CF81C3-958C-4174-824E-6855ADD3779E}.Debug|Any CPU.ActiveCfg = Debug|Any CPU
		{33CF81C3-958C-4174-824E-6855ADD3779E}.Debug|Any CPU.Build.0 = Debug|Any CPU
		{33CF81C3-958C-4174-824E-6855ADD3779E}.Release|Any CPU.ActiveCfg = Release|Any CPU
		{33CF81C3-958C-4174-824E-6855ADD3779E}.Release|Any CPU.Build.0 = Release|Any CPU
	EndGlobalSection
	GlobalSection(SolutionProperties) = preSolution
		HideSolutionNode = FALSE
	EndGlobalSection
	GlobalSection(ExtensibilityGlobals) = postSolution
		SolutionGuid = {BD9F604D-2159-44B8-8E7B-AA4B6C4BB75F}
	EndGlobalSection
EndGlobal
